
Microsoft Visual Studio Solution File, Format Version 12.00
# Visual Studio Version 17
VisualStudioVersion = 17.5.2.0
MinimumVisualStudioVersion = 10.0.40219.1
Project("{FAE04EC0-301F-11D3-BF4B-00C04F79EFBC}") = "AttendanceShiftingManagement", "AttendanceShiftingManagement.csproj", "{FD71B1BF-4FCC-3337-1478-EC12B27D5722}"
EndProject
Project("{FAE04EC0-301F-11D3-BF4B-00C04F79EFBC}") = "AttendanceShiftingManagement.Tests", "AttendanceShiftingManagement.Tests\AttendanceShiftingManagement.Tests.csproj", "{C196E267-035F-4C1F-BFC5-1A86A51F7B19}"
EndProject
Global
	GlobalSection(SolutionConfigurationPlatforms) = preSolution
		Debug|Any CPU = Debug|Any CPU
		Debug|x64 = Debug|x64
		Debug|x86 = Debug|x86
		Release|Any CPU = Release|Any CPU
		Release|x64 = Release|x64
		Release|x86 = Release|x86
	EndGlobalSection
	GlobalSection(ProjectConfigurationPlatforms) = postSolution
		{FD71B1BF-4FCC-3337-1478-EC12B27D5722}.Debug|Any CPU.ActiveCfg = Debug|Any CPU
		{FD71B1BF-4FCC-3337-1478-EC12B27D5722}.Debug|Any CPU.Build.0 = Debug|Any CPU
		{FD71B1BF-4FCC-3337-1478-EC12B27D5722}.Debug|x64.ActiveCfg = Debug|Any CPU
		{FD71B1BF-4FCC-3337-1478-EC12B27D5722}.Debug|x64.Build.0 = Debug|Any CPU
		{FD71B1BF-4FCC-3337-1478-EC12B27D5722}.Debug|x86.ActiveCfg = Debug|Any CPU
		{FD71B1BF-4FCC-3337-1478-EC12B27D5722}.Debug|x86.Build.0 = Debug|Any CPU
		{FD71B1BF-4FCC-3337-1478-EC12B27D5722}.Release|Any CPU.ActiveCfg = Release|Any CPU
		{FD71B1BF-4FCC-3337-1478-EC12B27D5722}.Release|Any CPU.Build.0 = Release|Any CPU
		{FD71B1BF-4FCC-3337-1478-EC12B27D5722}.Release|x64.ActiveCfg = Release|Any CPU
		{FD71B1BF-4FCC-3337-1478-EC12B27D5722}.Release|x64.Build.0 = Release|Any CPU
		{FD71B1BF-4FCC-3337-1478-EC12B27D5722}.Release|x86.ActiveCfg = Release|Any CPU
		{FD71B1BF-4FCC-3337-1478-EC12B27D5722}.Release|x86.Build.0 = Release|Any CPU
		{C196E267-035F-4C1F-BFC5-1A86A51F7B19}.Debug|Any CPU.ActiveCfg = Debug|Any CPU
		{C196E267-035F-4C1F-BFC5-1A86A51F7B19}.Debug|Any CPU.Build.0 = Debug|Any CPU
		{C196E267-035F-4C1F-BFC5-1A86A51F7B19}.Debug|x64.ActiveCfg = Debug|Any CPU
		{C196E267-035F-4C1F-BFC5-1A86A51F7B19}.Debug|x64.Build.0 = Debug|Any CPU
		{C196E267-035F-4C1F-BFC5-1A86A51F7B19}.Debug|x86.ActiveCfg = Debug|Any CPU
		{C196E267-035F-4C1F-BFC5-1A86A51F7B19}.Debug|x86.Build.0 = Debug|Any CPU
		{C196E267-035F-4C1F-BFC5-1A86A51F7B19}.Release|Any CPU.ActiveCfg = Release|Any CPU
		{C196E267-035F-4C1F-BFC5-1A86A51F7B19}.Release|Any CPU.Build.0 = Release|Any CPU
		{C196E267-035F-4C1F-BFC5-1A86A51F7B19}.Release|x64.ActiveCfg = Release|Any CPU
		{C196E267-035F-4C1F-BFC5-1A86A51F7B19}.Release|x64.Build.0 = Release|Any CPU
		{C196E267-035F-4C1F-BFC5-1A86A51F7B19}.Release|x86.ActiveCfg = Release|Any CPU
		{C196E267-035F-4C1F-BFC5-1A86A51F7B19}.Release|x86.Build.0 = Release|Any CPU
	EndGlobalSection
	GlobalSection(SolutionProperties) = preSolution
		HideSolutionNode = FALSE
	EndGlobalSection
	GlobalSection(ExtensibilityGlobals) = postSolution
		SolutionGuid = {098F3BBD-400F-4018-B5EC-277380108FCC}
	EndGlobalSection
EndGlobal
